
Microsoft Visual Studio Solution File, Format Version 12.00
# Visual Studio Version 16
VisualStudioVersion = 16.0.29326.143
MinimumVisualStudioVersion = 10.0.40219.1
Project("{FAE04EC0-301F-11D3-BF4B-00C04F79EFBC}") = "OB_0.01", "OB_0.01\OB_0.01.csproj", "{BE6862BE-243A-49D8-A156-F828EC5A36EA}"
EndProject
Global
	GlobalSection(SolutionConfigurationPlatforms) = preSolution
		Debug|Any CPU = Debug|Any CPU
		Release|Any CPU = Release|Any CPU
	EndGlobalSection
	GlobalSection(ProjectConfigurationPlatforms) = postSolution
		{BE6862BE-243A-49D8-A156-F828EC5A36EA}.Debug|Any CPU.ActiveCfg = Debug|Any CPU
		{BE6862BE-243A-49D8-A156-F828EC5A36EA}.Debug|Any CPU.Build.0 = Debug|Any CPU
		{BE6862BE-243A-49D8-A156-F828EC5A36EA}.Release|Any CPU.ActiveCfg = Release|Any CPU
		{BE6862BE-243A-49D8-A156-F828EC5A36EA}.Release|Any CPU.Build.0 = Release|Any CPU
	EndGlobalSection
	GlobalSection(SolutionProperties) = preSolution
		HideSolutionNode = FALSE
	EndGlobalSection
	GlobalSection(ExtensibilityGlobals) = postSolution
		SolutionGuid = {BAD9FF11-3627-43FF-80BB-1F060C688E30}
	EndGlobalSection
EndGlobal
